
Microsoft Visual Studio Solution File, Format Version 12.00
# Visual Studio Version 16
VisualStudioVersion = 16.0.32106.194
MinimumVisualStudioVersion = 10.0.40219.1
Project("{FAE04EC0-301F-11D3-BF4B-00C04F79EFBC}") = "OC_LAB06", "OC_LAB06\OC_LAB06.csproj", "{09D96620-80AB-410B-9AF1-85CD6B788776}"
EndProject
Global
	GlobalSection(SolutionConfigurationPlatforms) = preSolution
		Debug|Any CPU = Debug|Any CPU
		Release|Any CPU = Release|Any CPU
	EndGlobalSection
	GlobalSection(ProjectConfigurationPlatforms) = postSolution
		{09D96620-80AB-410B-9AF1-85CD6B788776}.Debug|Any CPU.ActiveCfg = Debug|Any CPU
		{09D96620-80AB-410B-9AF1-85CD6B788776}.Debug|Any CPU.Build.0 = Debug|Any CPU
		{09D96620-80AB-410B-9AF1-85CD6B788776}.Release|Any CPU.ActiveCfg = Release|Any CPU
		{09D96620-80AB-410B-9AF1-85CD6B788776}.Release|Any CPU.Build.0 = Release|Any CPU
	EndGlobalSection
	GlobalSection(SolutionProperties) = preSolution
		HideSolutionNode = FALSE
	EndGlobalSection
	GlobalSection(ExtensibilityGlobals) = postSolution
		SolutionGuid = {15460305-961F-43A0-AF54-AD8FC037FB80}
	EndGlobalSection
EndGlobal
